
Microsoft Visual Studio Solution File, Format Version 12.00
# Visual Studio Version 16
VisualStudioVersion = 16.0.30804.86
MinimumVisualStudioVersion = 10.0.40219.1
Project("{FAE04EC0-301F-11D3-BF4B-00C04F79EFBC}") = "Book_26.01.2021", "Book_26.01.2021\Book_26.01.2021.csproj", "{73CB1440-7F2C-42D9-9BEB-286A21092F33}"
EndProject
Global
	GlobalSection(SolutionConfigurationPlatforms) = preSolution
		Debug|Any CPU = Debug|Any CPU
		Release|Any CPU = Release|Any CPU
	EndGlobalSection
	GlobalSection(ProjectConfigurationPlatforms) = postSolution
		{73CB1440-7F2C-42D9-9BEB-286A21092F33}.Debug|Any CPU.ActiveCfg = Debug|Any CPU
		{73CB1440-7F2C-42D9-9BEB-286A21092F33}.Debug|Any CPU.Build.0 = Debug|Any CPU
		{73CB1440-7F2C-42D9-9BEB-286A21092F33}.Release|Any CPU.ActiveCfg = Release|Any CPU
		{73CB1440-7F2C-42D9-9BEB-286A21092F33}.Release|Any CPU.Build.0 = Release|Any CPU
	EndGlobalSection
	GlobalSection(SolutionProperties) = preSolution
		HideSolutionNode = FALSE
	EndGlobalSection
	GlobalSection(ExtensibilityGlobals) = postSolution
		SolutionGuid = {04FCC590-D812-4021-B66C-CB35D6908E09}
	EndGlobalSection
EndGlobal
